
Microsoft Visual Studio Solution File, Format Version 12.00
Project("{FAE04EC0-301F-11D3-BF4B-00C04F79EFBC}") = "SecondPhase", "SecondPhase.csproj", "{FC4C0E54-2C35-4901-815C-5DE19DADB0CC}"
EndProject
Global
	GlobalSection(SolutionConfigurationPlatforms) = preSolution
		Debug|Any CPU = Debug|Any CPU
		Release|Any CPU = Release|Any CPU
	EndGlobalSection
	GlobalSection(ProjectConfigurationPlatforms) = postSolution
		{FC4C0E54-2C35-4901-815C-5DE19DADB0CC}.Debug|Any CPU.ActiveCfg = Debug|Any CPU
		{FC4C0E54-2C35-4901-815C-5DE19DADB0CC}.Debug|Any CPU.Build.0 = Debug|Any CPU
		{FC4C0E54-2C35-4901-815C-5DE19DADB0CC}.Release|Any CPU.ActiveCfg = Release|Any CPU
		{FC4C0E54-2C35-4901-815C-5DE19DADB0CC}.Release|Any CPU.Build.0 = Release|Any CPU
	EndGlobalSection
EndGlobal
